// !$*UTF8*$!
{
	archiveVersion = 1;
	classes = {
	};
	objectVersion = 46;
	objects = {

/* Begin PBXBuildFile section */
		02301E3F1A38C1F40089125B /* main.m in Sources */ = {isa = PBXBuildFile; fileRef = 02301E3E1A38C1F40089125B /* main.m */; };
		02301E421A38C1F40089125B /* AppDelegate.m in Sources */ = {isa = PBXBuildFile; fileRef = 02301E411A38C1F40089125B /* AppDelegate.m */; };
		02301E451A38C1F40089125B /* ViewController.m in Sources */ = {isa = PBXBuildFile; fileRef = 02301E441A38C1F40089125B /* ViewController.m */; };
		02301E481A38C1F40089125B /* Main.storyboard in Resources */ = {isa = PBXBuildFile; fileRef = 02301E461A38C1F40089125B /* Main.storyboard */; };
		02301E4A1A38C1F40089125B /* Images.xcassets in Resources */ = {isa = PBXBuildFile; fileRef = 02301E491A38C1F40089125B /* Images.xcassets */; };
		02301E4D1A38C1F40089125B /* LaunchScreen.xib in Resources */ = {isa = PBXBuildFile; fileRef = 02301E4B1A38C1F40089125B /* LaunchScreen.xib */; };
		02301E591A38C1F40089125B /* HelloOpenGLTests.m in Sources */ = {isa = PBXBuildFile; fileRef = 02301E581A38C1F40089125B /* HelloOpenGLTests.m */; };
		02301E631A38C2360089125B /* OpenGLES.framework in Frameworks */ = {isa = PBXBuildFile; fileRef = 02301E621A38C2360089125B /* OpenGLES.framework */; };
		02301E651A38C23E0089125B /* CoreGraphics.framework in Frameworks */ = {isa = PBXBuildFile; fileRef = 02301E641A38C23E0089125B /* CoreGraphics.framework */; };
		02301E681A38C27F0089125B /* OpenGLView.m in Sources */ = {isa = PBXBuildFile; fileRef = 02301E671A38C27F0089125B /* OpenGLView.m */; };
		02301E6A1A38D7F20089125B /* SimpleVertex.glsl in Resources */ = {isa = PBXBuildFile; fileRef = 02301E691A38D7F20089125B /* SimpleVertex.glsl */; };
		02301E6E1A38D8740089125B /* SimpleFragment.glsl in Resources */ = {isa = PBXBuildFile; fileRef = 02301E6D1A38D8740089125B /* SimpleFragment.glsl */; };
/* End PBXBuildFile section */

/* Begin PBXContainerItemProxy section */
		02301E531A38C1F40089125B /* PBXContainerItemProxy */ = {
			isa = PBXContainerItemProxy;
			containerPortal = 02301E311A38C1F40089125B /* Project object */;
			proxyType = 1;
			remoteGlobalIDString = 02301E381A38C1F40089125B;
			remoteInfo = HelloOpenGL;
		};
/* End PBXContainerItemProxy section */

/* Begin PBXFileReference section */
		02301E391A38C1F40089125B /* HelloOpenGL.app */ = {isa = PBXFileReference; explicitFileType = wrapper.application; includeInIndex = 0; path = HelloOpenGL.app; sourceTree = BUILT_PRODUCTS_DIR; };
		02301E3D1A38C1F40089125B /* Info.plist */ = {isa = PBXFileReference; lastKnownFileType = text.plist.xml; path = Info.plist; sourceTree = "<group>"; };
		02301E3E1A38C1F40089125B /* main.m */ = {isa = PBXFileReference; lastKnownFileType = sourcecode.c.objc; path = main.m; sourceTree = "<group>"; };
		02301E401A38C1F40089125B /* AppDelegate.h */ = {isa = PBXFileReference; lastKnownFileType = sourcecode.c.h; path = AppDelegate.h; sourceTree = "<group>"; };
		02301E411A38C1F40089125B /* AppDelegate.m */ = {isa = PBXFileReference; lastKnownFileType = sourcecode.c.objc; path = AppDelegate.m; sourceTree = "<group>"; };
		02301E431A38C1F40089125B /* ViewController.h */ = {isa = PBXFileReference; lastKnownFileType = sourcecode.c.h; path = ViewController.h; sourceTree = "<group>"; };
		02301E441A38C1F40089125B /* ViewController.m */ = {isa = PBXFileReference; lastKnownFileType = sourcecode.c.objc; path = ViewController.m; sourceTree = "<group>"; };
		02301E471A38C1F40089125B /* Base */ = {isa = PBXFileReference; lastKnownFileType = file.storyboard; name = Base; path = Base.lproj/Main.storyboard; sourceTree = "<group>"; };
		02301E491A38C1F40089125B /* Images.xcassets */ = {isa = PBXFileReference; lastKnownFileType = folder.assetcatalog; path = Images.xcassets; sourceTree = "<group>"; };
		02301E4C1A38C1F40089125B /* Base */ = {isa = PBXFileReference; lastKnownFileType = file.xib; name = Base; path = Base.lproj/LaunchScreen.xib; sourceTree = "<group>"; };
		02301E521A38C1F40089125B /* HelloOpenGLTests.xctest */ = {isa = PBXFileReference; explicitFileType = wrapper.cfbundle; includeInIndex = 0; path = HelloOpenGLTests.xctest; sourceTree = BUILT_PRODUCTS_DIR; };
		02301E571A38C1F40089125B /* Info.plist */ = {isa = PBXFileReference; lastKnownFileType = text.plist.xml; path = Info.plist; sourceTree = "<group>"; };
		02301E581A38C1F40089125B /* HelloOpenGLTests.m */ = {isa = PBXFileReference; lastKnownFileType = sourcecode.c.objc; path = HelloOpenGLTests.m; sourceTree = "<group>"; };
		02301E621A38C2360089125B /* OpenGLES.framework */ = {isa = PBXFileReference; lastKnownFileType = wrapper.framework; name = OpenGLES.framework; path = System/Library/Frameworks/OpenGLES.framework; sourceTree = SDKROOT; };
		02301E641A38C23E0089125B /* CoreGraphics.framework */ = {isa = PBXFileReference; lastKnownFileType = wrapper.framework; name = CoreGraphics.framework; path = System/Library/Frameworks/CoreGraphics.framework; sourceTree = SDKROOT; };
		02301E661A38C27F0089125B /* OpenGLView.h */ = {isa = PBXFileReference; fileEncoding = 4; lastKnownFileType = sourcecode.c.h; path = OpenGLView.h; sourceTree = "<group>"; };
		02301E671A38C27F0089125B /* OpenGLView.m */ = {isa = PBXFileReference; fileEncoding = 4; lastKnownFileType = sourcecode.c.objc; path = OpenGLView.m; sourceTree = "<group>"; };
		02301E691A38D7F20089125B /* SimpleVertex.glsl */ = {isa = PBXFileReference; fileEncoding = 4; lastKnownFileType = text; path = SimpleVertex.glsl; sourceTree = "<group>"; };
		02301E6D1A38D8740089125B /* SimpleFragment.glsl */ = {isa = PBXFileReference; fileEncoding = 4; lastKnownFileType = text; path = SimpleFragment.glsl; sourceTree = "<group>"; };
/* End PBXFileReference section */

/* Begin PBXFrameworksBuildPhase section */
		02301E361A38C1F40089125B /* Frameworks */ = {
			isa = PBXFrameworksBuildPhase;
			buildActionMask = 2147483647;
			files = (
				02301E651A38C23E0089125B /* CoreGraphics.framework in Frameworks */,
				02301E631A38C2360089125B /* OpenGLES.framework in Frameworks */,
			);
			runOnlyForDeploymentPostprocessing = 0;
		};
		02301E4F1A38C1F40089125B /* Frameworks */ = {
			isa = PBXFrameworksBuildPhase;
			buildActionMask = 2147483647;
			files = (
			);
			runOnlyForDeploymentPostprocessing = 0;
		};
/* End PBXFrameworksBuildPhase section */

/* Begin PBXGroup section */
		02301E301A38C1F40089125B = {
			isa = PBXGroup;
			children = (
				02301E641A38C23E0089125B /* CoreGraphics.framework */,
				02301E621A38C2360089125B /* OpenGLES.framework */,
				02301E3B1A38C1F40089125B /* HelloOpenGL */,
				02301E551A38C1F40089125B /* HelloOpenGLTests */,
				02301E3A1A38C1F40089125B /* Products */,
			);
			sourceTree = "<group>";
		};
		02301E3A1A38C1F40089125B /* Products */ = {
			isa = PBXGroup;
			children = (
				02301E391A38C1F40089125B /* HelloOpenGL.app */,
				02301E521A38C1F40089125B /* HelloOpenGLTests.xctest */,
			);
			name = Products;
			sourceTree = "<group>";
		};
		02301E3B1A38C1F40089125B /* HelloOpenGL */ = {
			isa = PBXGroup;
			children = (
				02301E401A38C1F40089125B /* AppDelegate.h */,
				02301E411A38C1F40089125B /* AppDelegate.m */,
				02301E431A38C1F40089125B /* ViewController.h */,
				02301E441A38C1F40089125B /* ViewController.m */,
				02301E461A38C1F40089125B /* Main.storyboard */,
				02301E661A38C27F0089125B /* OpenGLView.h */,
				02301E671A38C27F0089125B /* OpenGLView.m */,
				02301E691A38D7F20089125B /* SimpleVertex.glsl */,
				02301E6D1A38D8740089125B /* SimpleFragment.glsl */,
				02301E491A38C1F40089125B /* Images.xcassets */,
				02301E4B1A38C1F40089125B /* LaunchScreen.xib */,
				02301E3C1A38C1F40089125B /* Supporting Files */,
			);
			path = HelloOpenGL;
			sourceTree = "<group>";
		};
		02301E3C1A38C1F40089125B /* Supporting Files */ = {
			isa = PBXGroup;
			children = (
				02301E3D1A38C1F40089125B /* Info.plist */,
				02301E3E1A38C1F40089125B /* main.m */,
			);
			name = "Supporting Files";
			sourceTree = "<group>";
		};
		02301E551A38C1F40089125B /* HelloOpenGLTests */ = {
			isa = PBXGroup;
			children = (
				02301E581A38C1F40089125B /* HelloOpenGLTests.m */,
				02301E561A38C1F40089125B /* Supporting Files */,
			);
			path = HelloOpenGLTests;
			sourceTree = "<group>";
		};
		02301E561A38C1F40089125B /* Supporting Files */ = {
			isa = PBXGroup;
			children = (
				02301E571A38C1F40089125B /* Info.plist */,
			);
			name = "Supporting Files";
			sourceTree = "<group>";
		};
/* End PBXGroup section */

/* Begin PBXNativeTarget section */
		02301E381A38C1F40089125B /* HelloOpenGL */ = {
			isa = PBXNativeTarget;
			buildConfigurationList = 02301E5C1A38C1F40089125B /* Build configuration list for PBXNativeTarget "HelloOpenGL" */;
			buildPhases = (
				02301E351A38C1F40089125B /* Sources */,
				02301E361A38C1F40089125B /* Frameworks */,
				02301E371A38C1F40089125B /* Resources */,
			);
			buildRules = (
			);
			dependencies = (
			);
			name = HelloOpenGL;
			productName = HelloOpenGL;
			productReference = 02301E391A38C1F40089125B /* HelloOpenGL.app */;
			productType = "com.apple.product-type.application";
		};
		02301E511A38C1F40089125B /* HelloOpenGLTests */ = {
			isa = PBXNativeTarget;
			buildConfigurationList = 02301E5F1A38C1F40089125B /* Build configuration list for PBXNativeTarget "HelloOpenGLTests" */;
			buildPhases = (
				02301E4E1A38C1F40089125B /* Sources */,
				02301E4F1A38C1F40089125B /* Frameworks */,
				02301E501A38C1F40089125B /* Resources */,
			);
			buildRules = (
			);
			dependencies = (
				02301E541A38C1F40089125B /* PBXTargetDependency */,
			);
			name = HelloOpenGLTests;
			productName = HelloOpenGLTests;
			productReference = 02301E521A38C1F40089125B /* HelloOpenGLTests.xctest */;
			productType = "com.apple.product-type.bundle.unit-test";
		};
/* End PBXNativeTarget section */

/* Begin PBXProject section */
		02301E311A38C1F40089125B /* Project object */ = {
			isa = PBXProject;
			attributes = {
				LastUpgradeCheck = 0610;
				ORGANIZATIONNAME = AppetiteLab;
				TargetAttributes = {
					02301E381A38C1F40089125B = {
						CreatedOnToolsVersion = 6.1;
					};
					02301E511A38C1F40089125B = {
						CreatedOnToolsVersion = 6.1;
						TestTargetID = 02301E381A38C1F40089125B;
					};
				};
			};
			buildConfigurationList = 02301E341A38C1F40089125B /* Build configuration list for PBXProject "HelloOpenGL" */;
			compatibilityVersion = "Xcode 3.2";
			developmentRegion = English;
			hasScannedForEncodings = 0;
			knownRegions = (
				en,
				Base,
			);
			mainGroup = 02301E301A38C1F40089125B;
			productRefGroup = 02301E3A1A38C1F40089125B /* Products */;
			projectDirPath = "";
			projectRoot = "";
			targets = (
				02301E381A38C1F40089125B /* HelloOpenGL */,
				02301E511A38C1F40089125B /* HelloOpenGLTests */,
			);
		};
/* End PBXProject section */

/* Begin PBXResourcesBuildPhase section */
		02301E371A38C1F40089125B /* Resources */ = {
			isa = PBXResourcesBuildPhase;
			buildActionMask = 2147483647;
			files = (
				02301E481A38C1F40089125B /* Main.storyboard in Resources */,
				02301E6A1A38D7F20089125B /* SimpleVertex.glsl in Resources */,
				02301E4D1A38C1F40089125B /* LaunchScreen.xib in Resources */,
				02301E4A1A38C1F40089125B /* Images.xcassets in Resources */,
				02301E6E1A38D8740089125B /* SimpleFragment.glsl in Resources */,
			);
			runOnlyForDeploymentPostprocessing = 0;
		};
		02301E501A38C1F40089125B /* Resources */ = {
			isa = PBXResourcesBuildPhase;
			buildActionMask = 2147483647;
			files = (
			);
			runOnlyForDeploymentPostprocessing = 0;
		};
/* End PBXResourcesBuildPhase section */

/* Begin PBXSourcesBuildPhase section */
		02301E351A38C1F40089125B /* Sources */ = {
			isa = PBXSourcesBuildPhase;
			buildActionMask = 2147483647;
			files = (
				02301E451A38C1F40089125B /* ViewController.m in Sources */,
				02301E421A38C1F40089125B /* AppDelegate.m in Sources */,
				02301E3F1A38C1F40089125B /* main.m in Sources */,
				02301E681A38C27F0089125B /* OpenGLView.m in Sources */,
			);
			runOnlyForDeploymentPostprocessing = 0;
		};
		02301E4E1A38C1F40089125B /* Sources */ = {
			isa = PBXSourcesBuildPhase;
			buildActionMask = 2147483647;
			files = (
				02301E591A38C1F40089125B /* HelloOpenGLTests.m in Sources */,
			);
			runOnlyForDeploymentPostprocessing = 0;
		};
/* End PBXSourcesBuildPhase section */

/* Begin PBXTargetDependency section */
		02301E541A38C1F40089125B /* PBXTargetDependency */ = {
			isa = PBXTargetDependency;
			target = 02301E381A38C1F40089125B /* HelloOpenGL */;
			targetProxy = 02301E531A38C1F40089125B /* PBXContainerItemProxy */;
		};
/* End PBXTargetDependency section */

/* Begin PBXVariantGroup section */
		02301E461A38C1F40089125B /* Main.storyboard */ = {
			isa = PBXVariantGroup;
			children = (
				02301E471A38C1F40089125B /* Base */,
			);
			name = Main.storyboard;
			sourceTree = "<group>";
		};
		02301E4B1A38C1F40089125B /* LaunchScreen.xib */ = {
			isa = PBXVariantGroup;
			children = (
				02301E4C1A38C1F40089125B /* Base */,
			);
			name = LaunchScreen.xib;
			sourceTree = "<group>";
		};
/* End PBXVariantGroup section */

/* Begin XCBuildConfiguration section */
		02301E5A1A38C1F40089125B /* Debug */ = {
			isa = XCBuildConfiguration;
			buildSettings = {
				ALWAYS_SEARCH_USER_PATHS = NO;
				CLANG_CXX_LANGUAGE_STANDARD = "gnu++0x";
				CLANG_CXX_LIBRARY = "libc++";
				CLANG_ENABLE_MODULES = YES;
				CLANG_ENABLE_OBJC_ARC = YES;
				CLANG_WARN_BOOL_CONVERSION = YES;
				CLANG_WARN_CONSTANT_CONVERSION = YES;
				CLANG_WARN_DIRECT_OBJC_ISA_USAGE = YES_ERROR;
				CLANG_WARN_EMPTY_BODY = YES;
				CLANG_WARN_ENUM_CONVERSION = YES;
				CLANG_WARN_INT_CONVERSION = YES;
				CLANG_WARN_OBJC_ROOT_CLASS = YES_ERROR;
				CLANG_WARN_UNREACHABLE_CODE = YES;
				CLANG_WARN__DUPLICATE_METHOD_MATCH = YES;
				"CODE_SIGN_IDENTITY[sdk=iphoneos*]" = "iPhone Developer";
				COPY_PHASE_STRIP = NO;
				ENABLE_STRICT_OBJC_MSGSEND = YES;
				GCC_C_LANGUAGE_STANDARD = gnu99;
				GCC_DYNAMIC_NO_PIC = NO;
				GCC_OPTIMIZATION_LEVEL = 0;
				GCC_PREPROCESSOR_DEFINITIONS = (
					"DEBUG=1",
					"$(inherited)",
				);
				GCC_SYMBOLS_PRIVATE_EXTERN = NO;
				GCC_WARN_64_TO_32_BIT_CONVERSION = YES;
				GCC_WARN_ABOUT_RETURN_TYPE = YES_ERROR;
				GCC_WARN_UNDECLARED_SELECTOR = YES;
				GCC_WARN_UNINITIALIZED_AUTOS = YES_AGGRESSIVE;
				GCC_WARN_UNUSED_FUNCTION = YES;
				GCC_WARN_UNUSED_VARIABLE = YES;
				IPHONEOS_DEPLOYMENT_TARGET = 8.1;
				MTL_ENABLE_DEBUG_INFO = YES;
				ONLY_ACTIVE_ARCH = YES;
				SDKROOT = iphoneos;
				TARGETED_DEVICE_FAMILY = 2;
			};
			name = Debug;
		};
		02301E5B1A38C1F40089125B /* Release */ = {
			isa = XCBuildConfiguration;
			buildSettings = {
				ALWAYS_SEARCH_USER_PATHS = NO;
				CLANG_CXX_LANGUAGE_STANDARD = "gnu++0x";
				CLANG_CXX_LIBRARY = "libc++";
				CLANG_ENABLE_MODULES = YES;
				CLANG_ENABLE_OBJC_ARC = YES;
				CLANG_WARN_BOOL_CONVERSION = YES;
				CLANG_WARN_CONSTANT_CONVERSION = YES;
				CLANG_WARN_DIRECT_OBJC_ISA_USAGE = YES_ERROR;
				CLANG_WARN_EMPTY_BODY = YES;
				CLANG_WARN_ENUM_CONVERSION = YES;
				CLANG_WARN_INT_CONVERSION = YES;
				CLANG_WARN_OBJC_ROOT_CLASS = YES_ERROR;
				CLANG_WARN_UNREACHABLE_CODE = YES;
				CLANG_WARN__DUPLICATE_METHOD_MATCH = YES;
				"CODE_SIGN_IDENTITY[sdk=iphoneos*]" = "iPhone Developer";
				COPY_PHASE_STRIP = YES;
				ENABLE_NS_ASSERTIONS = NO;
				ENABLE_STRICT_OBJC_MSGSEND = YES;
				GCC_C_LANGUAGE_STANDARD = gnu99;
				GCC_WARN_64_TO_32_BIT_CONVERSION = YES;
				GCC_WARN_ABOUT_RETURN_TYPE = YES_ERROR;
				GCC_WARN_UNDECLARED_SELECTOR = YES;
				GCC_WARN_UNINITIALIZED_AUTOS = YES_AGGRESSIVE;
				GCC_WARN_UNUSED_FUNCTION = YES;
				GCC_WARN_UNUSED_VARIABLE = YES;
				IPHONEOS_DEPLOYMENT_TARGET = 8.1;
				MTL_ENABLE_DEBUG_INFO = NO;
				SDKROOT = iphoneos;
				TARGETED_DEVICE_FAMILY = 2;
				VALIDATE_PRODUCT = YES;
			};
			name = Release;
		};
		02301E5D1A38C1F40089125B /* Debug */ = {
			isa = XCBuildConfiguration;
			buildSettings = {
				ASSETCATALOG_COMPILER_APPICON_NAME = AppIcon;
				INFOPLIST_FILE = HelloOpenGL/Info.plist;
				LD_RUNPATH_SEARCH_PATHS = "$(inherited) @executable_path/Frameworks";
				PRODUCT_NAME = "$(TARGET_NAME)";
			};
			name = Debug;
		};
		02301E5E1A38C1F40089125B /* Release */ = {
			isa = XCBuildConfiguration;
			buildSettings = {
				ASSETCATALOG_COMPILER_APPICON_NAME = AppIcon;
				INFOPLIST_FILE = HelloOpenGL/Info.plist;
				LD_RUNPATH_SEARCH_PATHS = "$(inherited) @executable_path/Frameworks";
				PRODUCT_NAME = "$(TARGET_NAME)";
			};
			name = Release;
		};
		02301E601A38C1F40089125B /* Debug */ = {
			isa = XCBuildConfiguration;
			buildSettings = {
				BUNDLE_LOADER = "$(TEST_HOST)";
				FRAMEWORK_SEARCH_PATHS = (
					"$(SDKROOT)/Developer/Library/Frameworks",
					"$(inherited)",
				);
				GCC_PREPROCESSOR_DEFINITIONS = (
					"DEBUG=1",
					"$(inherited)",
				);
				INFOPLIST_FILE = HelloOpenGLTests/Info.plist;
				LD_RUNPATH_SEARCH_PATHS = "$(inherited) @executable_path/Frameworks @loader_path/Frameworks";
				PRODUCT_NAME = "$(TARGET_NAME)";
				TEST_HOST = "$(BUILT_PRODUCTS_DIR)/HelloOpenGL.app/HelloOpenGL";
			};
			name = Debug;
		};
		02301E611A38C1F40089125B /* Release */ = {
			isa = XCBuildConfiguration;
			buildSettings = {
				BUNDLE_LOADER = "$(TEST_HOST)";
				FRAMEWORK_SEARCH_PATHS = (
					"$(SDKROOT)/Developer/Library/Frameworks",
					"$(inherited)",
				);
				INFOPLIST_FILE = HelloOpenGLTests/Info.plist;
				LD_RUNPATH_SEARCH_PATHS = "$(inherited) @executable_path/Frameworks @loader_path/Frameworks";
				PRODUCT_NAME = "$(TARGET_NAME)";
				TEST_HOST = "$(BUILT_PRODUCTS_DIR)/HelloOpenGL.app/HelloOpenGL";
			};
			name = Release;
		};
/* End XCBuildConfiguration section */

/* Begin XCConfigurationList section */
		02301E341A38C1F40089125B /* Build configuration list for PBXProject "HelloOpenGL" */ = {
			isa = XCConfigurationList;
			buildConfigurations = (
				02301E5A1A38C1F40089125B /* Debug */,
				02301E5B1A38C1F40089125B /* Release */,
			);
			defaultConfigurationIsVisible = 0;
			defaultConfigurationName = Release;
		};
		02301E5C1A38C1F40089125B /* Build configuration list for PBXNativeTarget "HelloOpenGL" */ = {
			isa = XCConfigurationList;
			buildConfigurations = (
				02301E5D1A38C1F40089125B /* Debug */,
				02301E5E1A38C1F40089125B /* Release */,
			);
			defaultConfigurationIsVisible = 0;
		};
		02301E5F1A38C1F40089125B /* Build configuration list for PBXNativeTarget "HelloOpenGLTests" */ = {
			isa = XCConfigurationList;
			buildConfigurations = (
				02301E601A38C1F40089125B /* Debug */,
				02301E611A38C1F40089125B /* Release */,
			);
			defaultConfigurationIsVisible = 0;
		};
/* End XCConfigurationList section */
	};
	rootObject = 02301E311A38C1F40089125B /* Project object */;
}
